
Microsoft Visual Studio Solution File, Format Version 12.00
# Visual Studio Version 16
VisualStudioVersion = 16.0.31025.194
MinimumVisualStudioVersion = 10.0.40219.1
Project("{8BC9CEB8-8B4A-11D0-8D11-00A0C91BC942}") = "OOP345_WS07_Part2", "OOP345_WS07_Part2.vcxproj", "{4F8C97B9-2CC2-4173-85CC-3BFB79BB8F0E}"
EndProject
Global
	GlobalSection(SolutionConfigurationPlatforms) = preSolution
		Debug|x64 = Debug|x64
		Debug|x86 = Debug|x86
		Release|x64 = Release|x64
		Release|x86 = Release|x86
	EndGlobalSection
	GlobalSection(ProjectConfigurationPlatforms) = postSolution
		{4F8C97B9-2CC2-4173-85CC-3BFB79BB8F0E}.Debug|x64.ActiveCfg = Debug|x64
		{4F8C97B9-2CC2-4173-85CC-3BFB79BB8F0E}.Debug|x64.Build.0 = Debug|x64
		{4F8C97B9-2CC2-4173-85CC-3BFB79BB8F0E}.Debug|x86.ActiveCfg = Debug|Win32
		{4F8C97B9-2CC2-4173-85CC-3BFB79BB8F0E}.Debug|x86.Build.0 = Debug|Win32
		{4F8C97B9-2CC2-4173-85CC-3BFB79BB8F0E}.Release|x64.ActiveCfg = Release|x64
		{4F8C97B9-2CC2-4173-85CC-3BFB79BB8F0E}.Release|x64.Build.0 = Release|x64
		{4F8C97B9-2CC2-4173-85CC-3BFB79BB8F0E}.Release|x86.ActiveCfg = Release|Win32
		{4F8C97B9-2CC2-4173-85CC-3BFB79BB8F0E}.Release|x86.Build.0 = Release|Win32
	EndGlobalSection
	GlobalSection(SolutionProperties) = preSolution
		HideSolutionNode = FALSE
	EndGlobalSection
	GlobalSection(ExtensibilityGlobals) = postSolution
		SolutionGuid = {C3552BCB-6824-4270-BCEC-42FFCBCA847A}
	EndGlobalSection
EndGlobal
